schema: '2.0'
stages:
  download_data:
    cmd: kaggle competitions download -c platesv2 -p ./data/raw/in
    outs:
    - path: ./data/raw/in/platesv2.zip
      hash: md5
      md5: b93a300cde18590c34da5f67fadffbb9
      size: 49320836
  extract_data:
    cmd: python ./extract_data.py
    deps:
    - path: ./configs/data/plates.yaml
      hash: md5
      md5: 48f73c9eca81fe21347e94d1476743be
      size: 40
    - path: ./configs/extract_data.yaml
      hash: md5
      md5: 50088e2cf61a75c84a6795bc6cc5f9ff
      size: 122
    - path: ./data/raw/in/platesv2.zip
      hash: md5
      md5: b93a300cde18590c34da5f67fadffbb9
      size: 49320836
    - path: ./extract_data.py
      hash: md5
      md5: c696b490d3cd6ee32681c1b7793b64a0
      size: 1369
    outs:
    - path: ./data/raw/plates
      hash: md5
      md5: e1d6a5eabc2c4a79c5354651bd095cad.dir
      size: 49307920
      nfiles: 784
  train:
    cmd: python ./train.py
    deps:
    - path: ./data/raw/plates
      hash: md5
      md5: e1d6a5eabc2c4a79c5354651bd095cad.dir
      size: 49307920
      nfiles: 784
    - path: ./train.py
      hash: md5
      md5: a22c53fd241ddaec85920164c85c327b
      size: 2668
    - path: params.yaml
      hash: md5
      md5: 70bd099e0bc3f218e2c23ee329f940b1
      size: 3649
    outs:
    - path: ./exp/cls_training
      hash: md5
      md5: c43d2121d0fb2aff9eafa22019ee8f71.dir
      size: 134376405
      nfiles: 4
  prediction:
    cmd: python ./prediction.py
    deps:
    - path: ./configs/prediction.yaml
      hash: md5
      md5: 1b0245864849117cd2993a29ee8555e5
      size: 184
    outs:
    - path: ./data/subm
      hash: md5
      md5: f98ea51db6bd5073e27b7f981909f8ff.dir
      size: 20784
      nfiles: 2
