schema: '2.0'
stages:
  download_data:
    cmd: kaggle competitions download -c platesv2 -p ./data/raw/in
    outs:
    - path: ./data/raw/in/platesv2.zip
      hash: md5
      md5: b93a300cde18590c34da5f67fadffbb9
      size: 49320836
  extract_data:
    cmd: python ./extract_data.py
    deps:
    - path: ./configs/data/plates.yaml
      hash: md5
      md5: 48f73c9eca81fe21347e94d1476743be
      size: 40
    - path: ./configs/extract_data.yaml
      hash: md5
      md5: 598e6138494daff8386c4dced2cb55a6
      size: 173
    - path: ./data/raw/in/platesv2.zip
      hash: md5
      md5: b93a300cde18590c34da5f67fadffbb9
      size: 49320836
    - path: ./extract_data.py
      hash: md5
      md5: 7a98064895c860062a11513a964959ab
      size: 4059
    outs:
    - path: ./data/raw/plates
      hash: md5
      md5: 70a4cef35fdd511b00360d6e12b7add8.dir
      size: 20085044
      nfiles: 784
  train:
    cmd: python ./train.py
    deps:
    - path: ./data/raw/plates
      hash: md5
      md5: 70a4cef35fdd511b00360d6e12b7add8.dir
      size: 20085044
      nfiles: 784
    - path: ./train.py
      hash: md5
      md5: 31cbe5925562a2c266a36bec820ab1a2
      size: 2226
    - path: params.yaml
      hash: md5
      md5: 7d07aa07d41c7c37ea3d4f8d43d85fad
      size: 19332
    outs:
    - path: ./exp/cls_training
      hash: md5
      md5: 914186151163c411bca5335ebbb075b4.dir
      size: 137405344
      nfiles: 6
  prediction:
    cmd: python ./prediction.py
    deps:
    - path: ./configs/prediction.yaml
      hash: md5
      md5: 2f153980896679266e5fb9325fd057e0
      size: 250
    outs:
    - path: ./data/subm
      hash: md5
      md5: c761f9a13aeb00375ec376a77bcaa249.dir
      size: 28290
      nfiles: 3
